<?xml version="1.0" encoding="utf-8"?>
<Project ToolsVersion="4.0" xmlns="http://schemas.microsoft.com/developer/msbuild/2003">
  <ItemGroup>
    <Filter Include="源文件">
      <UniqueIdentifier>{4FC737F1-C7A5-4376-A066-2A32D752A2FF}</UniqueIdentifier>
      <Extensions>cpp;c;cc;cxx;def;odl;idl;hpj;bat;asm;asmx</Extensions>
    </Filter>
    <Filter Include="资源文件">
      <UniqueIdentifier>{67DA6AB6-F800-4c08-8B7A-83BB121AAD01}</UniqueIdentifier>
      <Extensions>rc;ico;cur;bmp;dlg;rc2;rct;bin;rgs;gif;jpg;jpeg;jpe;resx;tiff;tif;png;wav;mfcribbon-ms</Extensions>
    </Filter>
    <Filter Include="all-about-lookup-table">
      <UniqueIdentifier>{9bd67196-35f3-4a45-a326-6824e09966ee}</UniqueIdentifier>
    </Filter>
    <Filter Include="all-about-lookup-table\summary">
      <UniqueIdentifier>{5701a796-7b0e-4b71-b4b6-5d658720c55d}</UniqueIdentifier>
    </Filter>
    <Filter Include="array-and-string">
      <UniqueIdentifier>{4ea238ad-db04-49e5-b644-48dfa84aa03a}</UniqueIdentifier>
    </Filter>
    <Filter Include="array-and-string\summary">
      <UniqueIdentifier>{a3481580-bd7f-423f-b10c-32c242239065}</UniqueIdentifier>
    </Filter>
  </ItemGroup>
  <ItemGroup>
    <ClCompile Include="leetcode-exercise.cpp">
      <Filter>源文件</Filter>
    </ClCompile>
  </ItemGroup>
  <ItemGroup>
    <ClInclude Include="all-about-lookup-table\977.h">
      <Filter>all-about-lookup-table</Filter>
    </ClInclude>
    <ClInclude Include="all-about-lookup-table\979.h">
      <Filter>all-about-lookup-table</Filter>
    </ClInclude>
    <ClInclude Include="all-about-lookup-table\981.h">
      <Filter>all-about-lookup-table</Filter>
    </ClInclude>
    <ClInclude Include="all-about-lookup-table\983.h">
      <Filter>all-about-lookup-table</Filter>
    </ClInclude>
    <ClInclude Include="all-about-lookup-table\985.h">
      <Filter>all-about-lookup-table</Filter>
    </ClInclude>
    <ClInclude Include="all-about-lookup-table\987.h">
      <Filter>all-about-lookup-table</Filter>
    </ClInclude>
    <ClInclude Include="all-about-lookup-table\989.h">
      <Filter>all-about-lookup-table</Filter>
    </ClInclude>
    <ClInclude Include="all-about-lookup-table\991.h">
      <Filter>all-about-lookup-table</Filter>
    </ClInclude>
    <ClInclude Include="all-about-lookup-table\993.h">
      <Filter>all-about-lookup-table</Filter>
    </ClInclude>
    <ClInclude Include="all-about-lookup-table\997.h">
      <Filter>all-about-lookup-table</Filter>
    </ClInclude>
    <ClInclude Include="all-about-lookup-table\999.h">
      <Filter>all-about-lookup-table</Filter>
    </ClInclude>
    <ClInclude Include="all-about-lookup-table\1001.h">
      <Filter>all-about-lookup-table</Filter>
    </ClInclude>
    <ClInclude Include="all-about-lookup-table\1003.h">
      <Filter>all-about-lookup-table</Filter>
    </ClInclude>
    <ClInclude Include="all-about-lookup-table\1005.h">
      <Filter>all-about-lookup-table</Filter>
    </ClInclude>
    <ClInclude Include="all-about-lookup-table\1007.h">
      <Filter>all-about-lookup-table</Filter>
    </ClInclude>
    <ClInclude Include="array-and-string\770.h">
      <Filter>array-and-string</Filter>
    </ClInclude>
    <ClInclude Include="array-and-string\771.h">
      <Filter>array-and-string</Filter>
    </ClInclude>
    <ClInclude Include="array-and-string\772.h">
      <Filter>array-and-string</Filter>
    </ClInclude>
    <ClInclude Include="array-and-string\774.h">
      <Filter>array-and-string</Filter>
    </ClInclude>
    <ClInclude Include="array-and-string\775.h">
      <Filter>array-and-string</Filter>
    </ClInclude>
    <ClInclude Include="array-and-string\776.h">
      <Filter>array-and-string</Filter>
    </ClInclude>
  </ItemGroup>
  <ItemGroup>
    <None Include="all-about-lookup-table\979.md">
      <Filter>all-about-lookup-table\summary</Filter>
    </None>
    <None Include="all-about-lookup-table\981.md">
      <Filter>all-about-lookup-table\summary</Filter>
    </None>
    <None Include="all-about-lookup-table\989.md">
      <Filter>all-about-lookup-table\summary</Filter>
    </None>
    <None Include="all-about-lookup-table\991.md">
      <Filter>all-about-lookup-table\summary</Filter>
    </None>
    <None Include="all-about-lookup-table\993.md">
      <Filter>all-about-lookup-table\summary</Filter>
    </None>
    <None Include="all-about-lookup-table\999.md">
      <Filter>all-about-lookup-table\summary</Filter>
    </None>
    <None Include="all-about-lookup-table\1001.md">
      <Filter>all-about-lookup-table\summary</Filter>
    </None>
    <None Include="all-about-lookup-table\1003.md">
      <Filter>all-about-lookup-table\summary</Filter>
    </None>
    <None Include="all-about-lookup-table\1005.md">
      <Filter>all-about-lookup-table\summary</Filter>
    </None>
    <None Include="all-about-lookup-table\1007.md">
      <Filter>all-about-lookup-table\summary</Filter>
    </None>
    <None Include="readme.md" />
    <None Include="array-and-string\774.md">
      <Filter>array-and-string\summary</Filter>
    </None>
    <None Include="array-and-string\776.md">
      <Filter>array-and-string\summary</Filter>
    </None>
    <None Include="array-and-string\770.md">
      <Filter>array-and-string\summary</Filter>
    </None>
  </ItemGroup>
  <ItemGroup>
    <Image Include="array-and-string\res\774_1.png">
      <Filter>array-and-string\summary</Filter>
    </Image>
  </ItemGroup>
</Project>